
Microsoft Visual Studio Solution File, Format Version 12.00
# Visual Studio Version 17
VisualStudioVersion = 17.8.34408.163
MinimumVisualStudioVersion = 10.0.40219.1
Project("{9A19103F-16F7-4668-BE54-9A1E7A4F7556}") = "szoft_TT65SP", "szoft_TT65SP\szoft_TT65SP.csproj", "{1E01BE28-3EEC-480A-A51D-DF6628DB30DD}"
EndProject
Project("{9A19103F-16F7-4668-BE54-9A1E7A4F7556}") = "Fibonacci", "Fibonacci\Fibonacci.csproj", "{481E7FAF-DF43-48B0-B755-45056A0D8762}"
EndProject
Project("{9A19103F-16F7-4668-BE54-9A1E7A4F7556}") = "Pascal Haromszog", "Pascal Haromszog\Pascal Haromszog.csproj", "{63414372-38B3-4675-8870-56316962F787}"
EndProject
Project("{9A19103F-16F7-4668-BE54-9A1E7A4F7556}") = "SakkTábla", "SakkTábla\SakkTábla.csproj", "{5D892334-1290-45B6-A088-160A5050238E}"
EndProject
Project("{9A19103F-16F7-4668-BE54-9A1E7A4F7556}") = "gyakorlat_3", "gyakorlat_3\gyakorlat_3.csproj", "{215AC665-D98B-4D18-B9AF-F2DD4D9743D5}"
EndProject
Project("{9A19103F-16F7-4668-BE54-9A1E7A4F7556}") = "Hajos teszt", "Hajos teszt\Hajos teszt.csproj", "{DF29F768-4B2C-4F37-9924-4411DA4F2FF5}"
EndProject
Project("{9A19103F-16F7-4668-BE54-9A1E7A4F7556}") = "Snake Game", "Snake Game\Snake Game.csproj", "{B011EC9C-49AF-49D2-BEFF-47BE06EBE4D6}"
EndProject
Project("{FAE04EC0-301F-11D3-BF4B-00C04F79EFBC}") = "Adatkotes", "Adatkotes\Adatkotes.csproj", "{D81C0267-B803-4663-9574-97138315BB4C}"
EndProject
Global
	GlobalSection(SolutionConfigurationPlatforms) = preSolution
		Debug|Any CPU = Debug|Any CPU
		Release|Any CPU = Release|Any CPU
	EndGlobalSection
	GlobalSection(ProjectConfigurationPlatforms) = postSolution
		{1E01BE28-3EEC-480A-A51D-DF6628DB30DD}.Debug|Any CPU.ActiveCfg = Debug|Any CPU
		{1E01BE28-3EEC-480A-A51D-DF6628DB30DD}.Debug|Any CPU.Build.0 = Debug|Any CPU
		{1E01BE28-3EEC-480A-A51D-DF6628DB30DD}.Release|Any CPU.ActiveCfg = Release|Any CPU
		{1E01BE28-3EEC-480A-A51D-DF6628DB30DD}.Release|Any CPU.Build.0 = Release|Any CPU
		{481E7FAF-DF43-48B0-B755-45056A0D8762}.Debug|Any CPU.ActiveCfg = Debug|Any CPU
		{481E7FAF-DF43-48B0-B755-45056A0D8762}.Debug|Any CPU.Build.0 = Debug|Any CPU
		{481E7FAF-DF43-48B0-B755-45056A0D8762}.Release|Any CPU.ActiveCfg = Release|Any CPU
		{481E7FAF-DF43-48B0-B755-45056A0D8762}.Release|Any CPU.Build.0 = Release|Any CPU
		{63414372-38B3-4675-8870-56316962F787}.Debug|Any CPU.ActiveCfg = Debug|Any CPU
		{63414372-38B3-4675-8870-56316962F787}.Debug|Any CPU.Build.0 = Debug|Any CPU
		{63414372-38B3-4675-8870-56316962F787}.Release|Any CPU.ActiveCfg = Release|Any CPU
		{63414372-38B3-4675-8870-56316962F787}.Release|Any CPU.Build.0 = Release|Any CPU
		{5D892334-1290-45B6-A088-160A5050238E}.Debug|Any CPU.ActiveCfg = Debug|Any CPU
		{5D892334-1290-45B6-A088-160A5050238E}.Debug|Any CPU.Build.0 = Debug|Any CPU
		{5D892334-1290-45B6-A088-160A5050238E}.Release|Any CPU.ActiveCfg = Release|Any CPU
		{5D892334-1290-45B6-A088-160A5050238E}.Release|Any CPU.Build.0 = Release|Any CPU
		{215AC665-D98B-4D18-B9AF-F2DD4D9743D5}.Debug|Any CPU.ActiveCfg = Debug|Any CPU
		{215AC665-D98B-4D18-B9AF-F2DD4D9743D5}.Debug|Any CPU.Build.0 = Debug|Any CPU
		{215AC665-D98B-4D18-B9AF-F2DD4D9743D5}.Release|Any CPU.ActiveCfg = Release|Any CPU
		{215AC665-D98B-4D18-B9AF-F2DD4D9743D5}.Release|Any CPU.Build.0 = Release|Any CPU
		{DF29F768-4B2C-4F37-9924-4411DA4F2FF5}.Debug|Any CPU.ActiveCfg = Debug|Any CPU
		{DF29F768-4B2C-4F37-9924-4411DA4F2FF5}.Debug|Any CPU.Build.0 = Debug|Any CPU
		{DF29F768-4B2C-4F37-9924-4411DA4F2FF5}.Release|Any CPU.ActiveCfg = Release|Any CPU
		{DF29F768-4B2C-4F37-9924-4411DA4F2FF5}.Release|Any CPU.Build.0 = Release|Any CPU
		{B011EC9C-49AF-49D2-BEFF-47BE06EBE4D6}.Debug|Any CPU.ActiveCfg = Debug|Any CPU
		{B011EC9C-49AF-49D2-BEFF-47BE06EBE4D6}.Debug|Any CPU.Build.0 = Debug|Any CPU
		{B011EC9C-49AF-49D2-BEFF-47BE06EBE4D6}.Release|Any CPU.ActiveCfg = Release|Any CPU
		{B011EC9C-49AF-49D2-BEFF-47BE06EBE4D6}.Release|Any CPU.Build.0 = Release|Any CPU
		{D81C0267-B803-4663-9574-97138315BB4C}.Debug|Any CPU.ActiveCfg = Debug|Any CPU
		{D81C0267-B803-4663-9574-97138315BB4C}.Debug|Any CPU.Build.0 = Debug|Any CPU
		{D81C0267-B803-4663-9574-97138315BB4C}.Release|Any CPU.ActiveCfg = Release|Any CPU
		{D81C0267-B803-4663-9574-97138315BB4C}.Release|Any CPU.Build.0 = Release|Any CPU
	EndGlobalSection
	GlobalSection(SolutionProperties) = preSolution
		HideSolutionNode = FALSE
	EndGlobalSection
	GlobalSection(ExtensibilityGlobals) = postSolution
		SolutionGuid = {8B92C16F-D6A2-451F-AC34-D5F93B702323}
	EndGlobalSection
EndGlobal
